// !$*UTF8*$!
{
	archiveVersion = 1;
	classes = {
	};
	objectVersion = 50;
	objects = {

/* Begin PBXBuildFile section */
		6B951F9746A503B4E23DBE9A /* Pods_Instagram.framework in Frameworks */ = {isa = PBXBuildFile; fileRef = 614401B13CA2EE412C542B1D /* Pods_Instagram.framework */; };
		78177C8A212B55A6004FA3A3 /* LoginViewController.swift in Sources */ = {isa = PBXBuildFile; fileRef = 78177C89212B55A6004FA3A3 /* LoginViewController.swift */; };
		782F9137212F73020054DAF4 /* PostCell.swift in Sources */ = {isa = PBXBuildFile; fileRef = 782F9136212F73020054DAF4 /* PostCell.swift */; };
		78628B91212CD6930018D7EF /* Post.swift in Sources */ = {isa = PBXBuildFile; fileRef = 78628B90212CD6930018D7EF /* Post.swift */; };
		78628B97212CE06C0018D7EF /* CaptureViewController.swift in Sources */ = {isa = PBXBuildFile; fileRef = 78628B96212CE06C0018D7EF /* CaptureViewController.swift */; };
		78628B99212CE0740018D7EF /* ProfileViewController.swift in Sources */ = {isa = PBXBuildFile; fileRef = 78628B98212CE0740018D7EF /* ProfileViewController.swift */; };
		78628B9B212CE0A20018D7EF /* HomeViewController.swift in Sources */ = {isa = PBXBuildFile; fileRef = 78628B9A212CE0A20018D7EF /* HomeViewController.swift */; };
		78628BA2212CE2D00018D7EF /* Billabong.ttf in Resources */ = {isa = PBXBuildFile; fileRef = 78628BA1212CE2B70018D7EF /* Billabong.ttf */; };
		78628BAE212CE3710018D7EF /* Roboto-Regular.ttf in Resources */ = {isa = PBXBuildFile; fileRef = 78628BA3212CE36E0018D7EF /* Roboto-Regular.ttf */; };
		78628BAF212CE3710018D7EF /* Roboto-Light.ttf in Resources */ = {isa = PBXBuildFile; fileRef = 78628BA4212CE36E0018D7EF /* Roboto-Light.ttf */; };
		78628BB0212CE3710018D7EF /* Roboto-Black.ttf in Resources */ = {isa = PBXBuildFile; fileRef = 78628BA5212CE36E0018D7EF /* Roboto-Black.ttf */; };
		78628BB1212CE3710018D7EF /* Roboto-BoldItalic.ttf in Resources */ = {isa = PBXBuildFile; fileRef = 78628BA6212CE36F0018D7EF /* Roboto-BoldItalic.ttf */; };
		78628BB2212CE3710018D7EF /* Roboto-LightItalic.ttf in Resources */ = {isa = PBXBuildFile; fileRef = 78628BA7212CE36F0018D7EF /* Roboto-LightItalic.ttf */; };
		78628BB3212CE3710018D7EF /* Roboto-Italic.ttf in Resources */ = {isa = PBXBuildFile; fileRef = 78628BA8212CE36F0018D7EF /* Roboto-Italic.ttf */; };
		78628BB4212CE3710018D7EF /* Roboto-MediumItalic.ttf in Resources */ = {isa = PBXBuildFile; fileRef = 78628BA9212CE36F0018D7EF /* Roboto-MediumItalic.ttf */; };
		78628BB5212CE3710018D7EF /* Roboto-Thin.ttf in Resources */ = {isa = PBXBuildFile; fileRef = 78628BAA212CE3700018D7EF /* Roboto-Thin.ttf */; };
		78628BB6212CE3710018D7EF /* Roboto-BlackItalic.ttf in Resources */ = {isa = PBXBuildFile; fileRef = 78628BAB212CE3700018D7EF /* Roboto-BlackItalic.ttf */; };
		78628BB7212CE3710018D7EF /* Roboto-Medium.ttf in Resources */ = {isa = PBXBuildFile; fileRef = 78628BAC212CE3700018D7EF /* Roboto-Medium.ttf */; };
		78628BB8212CE3710018D7EF /* Roboto-Bold.ttf in Resources */ = {isa = PBXBuildFile; fileRef = 78628BAD212CE3700018D7EF /* Roboto-Bold.ttf */; };
		78628BBA212CE4F40018D7EF /* RegisterViewController.swift in Sources */ = {isa = PBXBuildFile; fileRef = 78628BB9212CE4F40018D7EF /* RegisterViewController.swift */; };
		78628BBC212CE7090018D7EF /* CustomButton.swift in Sources */ = {isa = PBXBuildFile; fileRef = 78628BBB212CE7090018D7EF /* CustomButton.swift */; };
		78628BC4212E111B0018D7EF /* PreparePostViewController.swift in Sources */ = {isa = PBXBuildFile; fileRef = 78628BC3212E111B0018D7EF /* PreparePostViewController.swift */; };
		787315BB212A7222003D5529 /* AppDelegate.swift in Sources */ = {isa = PBXBuildFile; fileRef = 787315BA212A7222003D5529 /* AppDelegate.swift */; };
		787315C0212A7222003D5529 /* Main.storyboard in Resources */ = {isa = PBXBuildFile; fileRef = 787315BE212A7222003D5529 /* Main.storyboard */; };
		787315C2212A7222003D5529 /* Assets.xcassets in Resources */ = {isa = PBXBuildFile; fileRef = 787315C1212A7222003D5529 /* Assets.xcassets */; };
		787315C5212A7222003D5529 /* LaunchScreen.storyboard in Resources */ = {isa = PBXBuildFile; fileRef = 787315C3212A7222003D5529 /* LaunchScreen.storyboard */; };
		787A39A621336EFD00C06B34 /* ProfilePostCell.swift in Sources */ = {isa = PBXBuildFile; fileRef = 787A39A521336EFD00C06B34 /* ProfilePostCell.swift */; };
/* End PBXBuildFile section */

/* Begin PBXFileReference section */
		614401B13CA2EE412C542B1D /* Pods_Instagram.framework */ = {isa = PBXFileReference; explicitFileType = wrapper.framework; includeInIndex = 0; path = Pods_Instagram.framework; sourceTree = BUILT_PRODUCTS_DIR; };
		78177C89212B55A6004FA3A3 /* LoginViewController.swift */ = {isa = PBXFileReference; lastKnownFileType = sourcecode.swift; path = LoginViewController.swift; sourceTree = "<group>"; };
		782F9136212F73020054DAF4 /* PostCell.swift */ = {isa = PBXFileReference; lastKnownFileType = sourcecode.swift; path = PostCell.swift; sourceTree = "<group>"; };
		78628B90212CD6930018D7EF /* Post.swift */ = {isa = PBXFileReference; lastKnownFileType = sourcecode.swift; path = Post.swift; sourceTree = "<group>"; };
		78628B96212CE06C0018D7EF /* CaptureViewController.swift */ = {isa = PBXFileReference; lastKnownFileType = sourcecode.swift; path = CaptureViewController.swift; sourceTree = "<group>"; };
		78628B98212CE0740018D7EF /* ProfileViewController.swift */ = {isa = PBXFileReference; lastKnownFileType = sourcecode.swift; path = ProfileViewController.swift; sourceTree = "<group>"; };
		78628B9A212CE0A20018D7EF /* HomeViewController.swift */ = {isa = PBXFileReference; lastKnownFileType = sourcecode.swift; path = HomeViewController.swift; sourceTree = "<group>"; };
		78628BA1212CE2B70018D7EF /* Billabong.ttf */ = {isa = PBXFileReference; lastKnownFileType = file; path = Billabong.ttf; sourceTree = "<group>"; };
		78628BA3212CE36E0018D7EF /* Roboto-Regular.ttf */ = {isa = PBXFileReference; lastKnownFileType = file; name = "Roboto-Regular.ttf"; path = "../../../Downloads/fonts/Roboto-Regular.ttf"; sourceTree = "<group>"; };
		78628BA4212CE36E0018D7EF /* Roboto-Light.ttf */ = {isa = PBXFileReference; lastKnownFileType = file; name = "Roboto-Light.ttf"; path = "../../../Downloads/fonts/Roboto-Light.ttf"; sourceTree = "<group>"; };
		78628BA5212CE36E0018D7EF /* Roboto-Black.ttf */ = {isa = PBXFileReference; lastKnownFileType = file; name = "Roboto-Black.ttf"; path = "../../../Downloads/fonts/Roboto-Black.ttf"; sourceTree = "<group>"; };
		78628BA6212CE36F0018D7EF /* Roboto-BoldItalic.ttf */ = {isa = PBXFileReference; lastKnownFileType = file; name = "Roboto-BoldItalic.ttf"; path = "../../../Downloads/fonts/Roboto-BoldItalic.ttf"; sourceTree = "<group>"; };
		78628BA7212CE36F0018D7EF /* Roboto-LightItalic.ttf */ = {isa = PBXFileReference; lastKnownFileType = file; name = "Roboto-LightItalic.ttf"; path = "../../../Downloads/fonts/Roboto-LightItalic.ttf"; sourceTree = "<group>"; };
		78628BA8212CE36F0018D7EF /* Roboto-Italic.ttf */ = {isa = PBXFileReference; lastKnownFileType = file; name = "Roboto-Italic.ttf"; path = "../../../Downloads/fonts/Roboto-Italic.ttf"; sourceTree = "<group>"; };
		78628BA9212CE36F0018D7EF /* Roboto-MediumItalic.ttf */ = {isa = PBXFileReference; lastKnownFileType = file; name = "Roboto-MediumItalic.ttf"; path = "../../../Downloads/fonts/Roboto-MediumItalic.ttf"; sourceTree = "<group>"; };
		78628BAA212CE3700018D7EF /* Roboto-Thin.ttf */ = {isa = PBXFileReference; lastKnownFileType = file; name = "Roboto-Thin.ttf"; path = "../../../Downloads/fonts/Roboto-Thin.ttf"; sourceTree = "<group>"; };
		78628BAB212CE3700018D7EF /* Roboto-BlackItalic.ttf */ = {isa = PBXFileReference; lastKnownFileType = file; name = "Roboto-BlackItalic.ttf"; path = "../../../Downloads/fonts/Roboto-BlackItalic.ttf"; sourceTree = "<group>"; };
		78628BAC212CE3700018D7EF /* Roboto-Medium.ttf */ = {isa = PBXFileReference; lastKnownFileType = file; name = "Roboto-Medium.ttf"; path = "../../../Downloads/fonts/Roboto-Medium.ttf"; sourceTree = "<group>"; };
		78628BAD212CE3700018D7EF /* Roboto-Bold.ttf */ = {isa = PBXFileReference; lastKnownFileType = file; name = "Roboto-Bold.ttf"; path = "../../../Downloads/fonts/Roboto-Bold.ttf"; sourceTree = "<group>"; };
		78628BB9212CE4F40018D7EF /* RegisterViewController.swift */ = {isa = PBXFileReference; lastKnownFileType = sourcecode.swift; path = RegisterViewController.swift; sourceTree = "<group>"; };
		78628BBB212CE7090018D7EF /* CustomButton.swift */ = {isa = PBXFileReference; lastKnownFileType = sourcecode.swift; path = CustomButton.swift; sourceTree = "<group>"; };
		78628BC3212E111B0018D7EF /* PreparePostViewController.swift */ = {isa = PBXFileReference; lastKnownFileType = sourcecode.swift; path = PreparePostViewController.swift; sourceTree = "<group>"; };
		787315B7212A7222003D5529 /* Instagram.app */ = {isa = PBXFileReference; explicitFileType = wrapper.application; includeInIndex = 0; path = Instagram.app; sourceTree = BUILT_PRODUCTS_DIR; };
		787315BA212A7222003D5529 /* AppDelegate.swift */ = {isa = PBXFileReference; lastKnownFileType = sourcecode.swift; path = AppDelegate.swift; sourceTree = "<group>"; };
		787315BF212A7222003D5529 /* Base */ = {isa = PBXFileReference; lastKnownFileType = file.storyboard; name = Base; path = Base.lproj/Main.storyboard; sourceTree = "<group>"; };
		787315C1212A7222003D5529 /* Assets.xcassets */ = {isa = PBXFileReference; lastKnownFileType = folder.assetcatalog; path = Assets.xcassets; sourceTree = "<group>"; };
		787315C4212A7222003D5529 /* Base */ = {isa = PBXFileReference; lastKnownFileType = file.storyboard; name = Base; path = Base.lproj/LaunchScreen.storyboard; sourceTree = "<group>"; };
		787315C6212A7222003D5529 /* Info.plist */ = {isa = PBXFileReference; lastKnownFileType = text.plist.xml; name = Info.plist; path = /Users/omarvalenzuela/Developer/Instagram/Instagram/Resources/Info.plist; sourceTree = "<absolute>"; };
		787A39A521336EFD00C06B34 /* ProfilePostCell.swift */ = {isa = PBXFileReference; lastKnownFileType = sourcecode.swift; path = ProfilePostCell.swift; sourceTree = "<group>"; };
		979B4D74C8C0A6E7CA16DB16 /* Pods-Instagram.debug.xcconfig */ = {isa = PBXFileReference; includeInIndex = 1; lastKnownFileType = text.xcconfig; name = "Pods-Instagram.debug.xcconfig"; path = "Pods/Target Support Files/Pods-Instagram/Pods-Instagram.debug.xcconfig"; sourceTree = "<group>"; };
		AA362B2F35CF6A035267BCFC /* Pods-Instagram.release.xcconfig */ = {isa = PBXFileReference; includeInIndex = 1; lastKnownFileType = text.xcconfig; name = "Pods-Instagram.release.xcconfig"; path = "Pods/Target Support Files/Pods-Instagram/Pods-Instagram.release.xcconfig"; sourceTree = "<group>"; };
/* End PBXFileReference section */

/* Begin PBXFrameworksBuildPhase section */
		787315B4212A7222003D5529 /* Frameworks */ = {
			isa = PBXFrameworksBuildPhase;
			buildActionMask = 2147483647;
			files = (
				6B951F9746A503B4E23DBE9A /* Pods_Instagram.framework in Frameworks */,
			);
			runOnlyForDeploymentPostprocessing = 0;
		};
/* End PBXFrameworksBuildPhase section */

/* Begin PBXGroup section */
		18D62ADF65525AEB5CC93036 /* Frameworks */ = {
			isa = PBXGroup;
			children = (
				614401B13CA2EE412C542B1D /* Pods_Instagram.framework */,
			);
			name = Frameworks;
			sourceTree = "<group>";
		};
		391611104E8F513C50B6F297 /* Pods */ = {
			isa = PBXGroup;
			children = (
				979B4D74C8C0A6E7CA16DB16 /* Pods-Instagram.debug.xcconfig */,
				AA362B2F35CF6A035267BCFC /* Pods-Instagram.release.xcconfig */,
			);
			name = Pods;
			sourceTree = "<group>";
		};
		78628B8D212CD6680018D7EF /* Models */ = {
			isa = PBXGroup;
			children = (
				78628B90212CD6930018D7EF /* Post.swift */,
			);
			path = Models;
			sourceTree = "<group>";
		};
		78628B8F212CD6750018D7EF /* View Controllers */ = {
			isa = PBXGroup;
			children = (
				78177C89212B55A6004FA3A3 /* LoginViewController.swift */,
				78628B96212CE06C0018D7EF /* CaptureViewController.swift */,
				78628B98212CE0740018D7EF /* ProfileViewController.swift */,
				78628B9A212CE0A20018D7EF /* HomeViewController.swift */,
				78628BB9212CE4F40018D7EF /* RegisterViewController.swift */,
				78628BC3212E111B0018D7EF /* PreparePostViewController.swift */,
			);
			path = "View Controllers";
			sourceTree = "<group>";
		};
		78628BA0212CE2B70018D7EF /* Fonts */ = {
			isa = PBXGroup;
			children = (
				78628BA5212CE36E0018D7EF /* Roboto-Black.ttf */,
				78628BAB212CE3700018D7EF /* Roboto-BlackItalic.ttf */,
				78628BAD212CE3700018D7EF /* Roboto-Bold.ttf */,
				78628BA6212CE36F0018D7EF /* Roboto-BoldItalic.ttf */,
				78628BA8212CE36F0018D7EF /* Roboto-Italic.ttf */,
				78628BA4212CE36E0018D7EF /* Roboto-Light.ttf */,
				78628BA7212CE36F0018D7EF /* Roboto-LightItalic.ttf */,
				78628BAC212CE3700018D7EF /* Roboto-Medium.ttf */,
				78628BA9212CE36F0018D7EF /* Roboto-MediumItalic.ttf */,
				78628BA3212CE36E0018D7EF /* Roboto-Regular.ttf */,
				78628BAA212CE3700018D7EF /* Roboto-Thin.ttf */,
				78628BA1212CE2B70018D7EF /* Billabong.ttf */,
			);
			path = Fonts;
			sourceTree = "<group>";
		};
		78628BC0212E04E50018D7EF /* Views */ = {
			isa = PBXGroup;
			children = (
				78628BBB212CE7090018D7EF /* CustomButton.swift */,
				782F9136212F73020054DAF4 /* PostCell.swift */,
				787A39A521336EFD00C06B34 /* ProfilePostCell.swift */,
			);
			path = Views;
			sourceTree = "<group>";
		};
		78628BC1212E04F40018D7EF /* Storyboards */ = {
			isa = PBXGroup;
			children = (
				787315BE212A7222003D5529 /* Main.storyboard */,
				787315C3212A7222003D5529 /* LaunchScreen.storyboard */,
			);
			path = Storyboards;
			sourceTree = "<group>";
		};
		78628BC2212E04FB0018D7EF /* Resources */ = {
			isa = PBXGroup;
			children = (
				787315BA212A7222003D5529 /* AppDelegate.swift */,
				787315C1212A7222003D5529 /* Assets.xcassets */,
				787315C6212A7222003D5529 /* Info.plist */,
			);
			path = Resources;
			sourceTree = "<group>";
		};
		787315AE212A7222003D5529 = {
			isa = PBXGroup;
			children = (
				787315B9212A7222003D5529 /* Instagram */,
				78628BA0212CE2B70018D7EF /* Fonts */,
				787315B8212A7222003D5529 /* Products */,
				391611104E8F513C50B6F297 /* Pods */,
				18D62ADF65525AEB5CC93036 /* Frameworks */,
			);
			sourceTree = "<group>";
		};
		787315B8212A7222003D5529 /* Products */ = {
			isa = PBXGroup;
			children = (
				787315B7212A7222003D5529 /* Instagram.app */,
			);
			name = Products;
			sourceTree = "<group>";
		};
		787315B9212A7222003D5529 /* Instagram */ = {
			isa = PBXGroup;
			children = (
				78628BC2212E04FB0018D7EF /* Resources */,
				78628BC1212E04F40018D7EF /* Storyboards */,
				78628BC0212E04E50018D7EF /* Views */,
				78628B8D212CD6680018D7EF /* Models */,
				78628B8F212CD6750018D7EF /* View Controllers */,
			);
			path = Instagram;
			sourceTree = "<group>";
		};
/* End PBXGroup section */

/* Begin PBXNativeTarget section */
		787315B6212A7222003D5529 /* Instagram */ = {
			isa = PBXNativeTarget;
			buildConfigurationList = 787315C9212A7222003D5529 /* Build configuration list for PBXNativeTarget "Instagram" */;
			buildPhases = (
				D22BD616D71E18EB6CB9B4B0 /* [CP] Check Pods Manifest.lock */,
				787315B3212A7222003D5529 /* Sources */,
				787315B4212A7222003D5529 /* Frameworks */,
				787315B5212A7222003D5529 /* Resources */,
				0D9FDFF35FF26F9B64C58A6F /* [CP] Embed Pods Frameworks */,
			);
			buildRules = (
			);
			dependencies = (
			);
			name = Instagram;
			productName = Instagram;
			productReference = 787315B7212A7222003D5529 /* Instagram.app */;
			productType = "com.apple.product-type.application";
		};
/* End PBXNativeTarget section */

/* Begin PBXProject section */
		787315AF212A7222003D5529 /* Project object */ = {
			isa = PBXProject;
			attributes = {
				LastSwiftUpdateCheck = 0940;
				LastUpgradeCheck = 0940;
				ORGANIZATIONNAME = "Omar Valenzuela";
				TargetAttributes = {
					787315B6212A7222003D5529 = {
						CreatedOnToolsVersion = 9.4.1;
					};
				};
			};
			buildConfigurationList = 787315B2212A7222003D5529 /* Build configuration list for PBXProject "Instagram" */;
			compatibilityVersion = "Xcode 9.3";
			developmentRegion = en;
			hasScannedForEncodings = 0;
			knownRegions = (
				en,
				Base,
			);
			mainGroup = 787315AE212A7222003D5529;
			productRefGroup = 787315B8212A7222003D5529 /* Products */;
			projectDirPath = "";
			projectRoot = "";
			targets = (
				787315B6212A7222003D5529 /* Instagram */,
			);
		};
/* End PBXProject section */

/* Begin PBXResourcesBuildPhase section */
		787315B5212A7222003D5529 /* Resources */ = {
			isa = PBXResourcesBuildPhase;
			buildActionMask = 2147483647;
			files = (
				78628BB1212CE3710018D7EF /* Roboto-BoldItalic.ttf in Resources */,
				78628BAE212CE3710018D7EF /* Roboto-Regular.ttf in Resources */,
				78628BB2212CE3710018D7EF /* Roboto-LightItalic.ttf in Resources */,
				78628BB6212CE3710018D7EF /* Roboto-BlackItalic.ttf in Resources */,
				787315C5212A7222003D5529 /* LaunchScreen.storyboard in Resources */,
				78628BB7212CE3710018D7EF /* Roboto-Medium.ttf in Resources */,
				78628BB4212CE3710018D7EF /* Roboto-MediumItalic.ttf in Resources */,
				787315C2212A7222003D5529 /* Assets.xcassets in Resources */,
				78628BB0212CE3710018D7EF /* Roboto-Black.ttf in Resources */,
				787315C0212A7222003D5529 /* Main.storyboard in Resources */,
				78628BAF212CE3710018D7EF /* Roboto-Light.ttf in Resources */,
				78628BA2212CE2D00018D7EF /* Billabong.ttf in Resources */,
				78628BB3212CE3710018D7EF /* Roboto-Italic.ttf in Resources */,
				78628BB5212CE3710018D7EF /* Roboto-Thin.ttf in Resources */,
				78628BB8212CE3710018D7EF /* Roboto-Bold.ttf in Resources */,
			);
			runOnlyForDeploymentPostprocessing = 0;
		};
/* End PBXResourcesBuildPhase section */

/* Begin PBXShellScriptBuildPhase section */
		0D9FDFF35FF26F9B64C58A6F /* [CP] Embed Pods Frameworks */ = {
			isa = PBXShellScriptBuildPhase;
			buildActionMask = 2147483647;
			files = (
			);
			inputPaths = (
				"${SRCROOT}/Pods/Target Support Files/Pods-Instagram/Pods-Instagram-frameworks.sh",
				"${BUILT_PRODUCTS_DIR}/Bolts/Bolts.framework",
				"${BUILT_PRODUCTS_DIR}/Parse/Parse.framework",
				"${BUILT_PRODUCTS_DIR}/ParseUI/ParseUI.framework",
				"${BUILT_PRODUCTS_DIR}/Toucan/Toucan.framework",
			);
			name = "[CP] Embed Pods Frameworks";
			outputPaths = (
				"${TARGET_BUILD_DIR}/${FRAMEWORKS_FOLDER_PATH}/Bolts.framework",
				"${TARGET_BUILD_DIR}/${FRAMEWORKS_FOLDER_PATH}/Parse.framework",
				"${TARGET_BUILD_DIR}/${FRAMEWORKS_FOLDER_PATH}/ParseUI.framework",
				"${TARGET_BUILD_DIR}/${FRAMEWORKS_FOLDER_PATH}/Toucan.framework",
			);
			runOnlyForDeploymentPostprocessing = 0;
			shellPath = /bin/sh;
			shellScript = "\"${SRCROOT}/Pods/Target Support Files/Pods-Instagram/Pods-Instagram-frameworks.sh\"\n";
			showEnvVarsInLog = 0;
		};
		D22BD616D71E18EB6CB9B4B0 /* [CP] Check Pods Manifest.lock */ = {
			isa = PBXShellScriptBuildPhase;
			buildActionMask = 2147483647;
			files = (
			);
			inputPaths = (
				"${PODS_PODFILE_DIR_PATH}/Podfile.lock",
				"${PODS_ROOT}/Manifest.lock",
			);
			name = "[CP] Check Pods Manifest.lock";
			outputPaths = (
				"$(DERIVED_FILE_DIR)/Pods-Instagram-checkManifestLockResult.txt",
			);
			runOnlyForDeploymentPostprocessing = 0;
			shellPath = /bin/sh;
			shellScript = "diff \"${PODS_PODFILE_DIR_PATH}/Podfile.lock\" \"${PODS_ROOT}/Manifest.lock\" > /dev/null\nif [ $? != 0 ] ; then\n    # print error to STDERR\n    echo \"error: The sandbox is not in sync with the Podfile.lock. Run 'pod install' or update your CocoaPods installation.\" >&2\n    exit 1\nfi\n# This output is used by Xcode 'outputs' to avoid re-running this script phase.\necho \"SUCCESS\" > \"${SCRIPT_OUTPUT_FILE_0}\"\n";
			showEnvVarsInLog = 0;
		};
/* End PBXShellScriptBuildPhase section */

/* Begin PBXSourcesBuildPhase section */
		787315B3212A7222003D5529 /* Sources */ = {
			isa = PBXSourcesBuildPhase;
			buildActionMask = 2147483647;
			files = (
				78628B99212CE0740018D7EF /* ProfileViewController.swift in Sources */,
				78628B91212CD6930018D7EF /* Post.swift in Sources */,
				78628BBA212CE4F40018D7EF /* RegisterViewController.swift in Sources */,
				78177C8A212B55A6004FA3A3 /* LoginViewController.swift in Sources */,
				787A39A621336EFD00C06B34 /* ProfilePostCell.swift in Sources */,
				78628BC4212E111B0018D7EF /* PreparePostViewController.swift in Sources */,
				78628BBC212CE7090018D7EF /* CustomButton.swift in Sources */,
				787315BB212A7222003D5529 /* AppDelegate.swift in Sources */,
				78628B97212CE06C0018D7EF /* CaptureViewController.swift in Sources */,
				78628B9B212CE0A20018D7EF /* HomeViewController.swift in Sources */,
				782F9137212F73020054DAF4 /* PostCell.swift in Sources */,
			);
			runOnlyForDeploymentPostprocessing = 0;
		};
/* End PBXSourcesBuildPhase section */

/* Begin PBXVariantGroup section */
		787315BE212A7222003D5529 /* Main.storyboard */ = {
			isa = PBXVariantGroup;
			children = (
				787315BF212A7222003D5529 /* Base */,
			);
			name = Main.storyboard;
			sourceTree = "<group>";
		};
		787315C3212A7222003D5529 /* LaunchScreen.storyboard */ = {
			isa = PBXVariantGroup;
			children = (
				787315C4212A7222003D5529 /* Base */,
			);
			name = LaunchScreen.storyboard;
			sourceTree = "<group>";
		};
/* End PBXVariantGroup section */

/* Begin XCBuildConfiguration section */
		787315C7212A7222003D5529 /* Debug */ = {
			isa = XCBuildConfiguration;
			buildSettings = {
				ALWAYS_SEARCH_USER_PATHS = NO;
				CLANG_ANALYZER_NONNULL = YES;
				CLANG_ANALYZER_NUMBER_OBJECT_CONVERSION = YES_AGGRESSIVE;
				CLANG_CXX_LANGUAGE_STANDARD = "gnu++14";
				CLANG_CXX_LIBRARY = "libc++";
				CLANG_ENABLE_MODULES = YES;
				CLANG_ENABLE_OBJC_ARC = YES;
				CLANG_ENABLE_OBJC_WEAK = YES;
				CLANG_WARN_BLOCK_CAPTURE_AUTORELEASING = YES;
				CLANG_WARN_BOOL_CONVERSION = YES;
				CLANG_WARN_COMMA = YES;
				CLANG_WARN_CONSTANT_CONVERSION = YES;
				CLANG_WARN_DEPRECATED_OBJC_IMPLEMENTATIONS = YES;
				CLANG_WARN_DIRECT_OBJC_ISA_USAGE = YES_ERROR;
				CLANG_WARN_DOCUMENTATION_COMMENTS = YES;
				CLANG_WARN_EMPTY_BODY = YES;
				CLANG_WARN_ENUM_CONVERSION = YES;
				CLANG_WARN_INFINITE_RECURSION = YES;
				CLANG_WARN_INT_CONVERSION = YES;
				CLANG_WARN_NON_LITERAL_NULL_CONVERSION = YES;
				CLANG_WARN_OBJC_IMPLICIT_RETAIN_SELF = YES;
				CLANG_WARN_OBJC_LITERAL_CONVERSION = YES;
				CLANG_WARN_OBJC_ROOT_CLASS = YES_ERROR;
				CLANG_WARN_RANGE_LOOP_ANALYSIS = YES;
				CLANG_WARN_STRICT_PROTOTYPES = YES;
				CLANG_WARN_SUSPICIOUS_MOVE = YES;
				CLANG_WARN_UNGUARDED_AVAILABILITY = YES_AGGRESSIVE;
				CLANG_WARN_UNREACHABLE_CODE = YES;
				CLANG_WARN__DUPLICATE_METHOD_MATCH = YES;
				CODE_SIGN_IDENTITY = "iPhone Developer";
				COPY_PHASE_STRIP = NO;
				DEBUG_INFORMATION_FORMAT = dwarf;
				ENABLE_STRICT_OBJC_MSGSEND = YES;
				ENABLE_TESTABILITY = YES;
				GCC_C_LANGUAGE_STANDARD = gnu11;
				GCC_DYNAMIC_NO_PIC = NO;
				GCC_NO_COMMON_BLOCKS = YES;
				GCC_OPTIMIZATION_LEVEL = 0;
				GCC_PREPROCESSOR_DEFINITIONS = (
					"DEBUG=1",
					"$(inherited)",
				);
				GCC_WARN_64_TO_32_BIT_CONVERSION = YES;
				GCC_WARN_ABOUT_RETURN_TYPE = YES_ERROR;
				GCC_WARN_UNDECLARED_SELECTOR = YES;
				GCC_WARN_UNINITIALIZED_AUTOS = YES_AGGRESSIVE;
				GCC_WARN_UNUSED_FUNCTION = YES;
				GCC_WARN_UNUSED_VARIABLE = YES;
				IPHONEOS_DEPLOYMENT_TARGET = 11.4;
				MTL_ENABLE_DEBUG_INFO = YES;
				ONLY_ACTIVE_ARCH = YES;
				SDKROOT = iphoneos;
				SWIFT_ACTIVE_COMPILATION_CONDITIONS = DEBUG;
				SWIFT_OPTIMIZATION_LEVEL = "-Onone";
			};
			name = Debug;
		};
		787315C8212A7222003D5529 /* Release */ = {
			isa = XCBuildConfiguration;
			buildSettings = {
				ALWAYS_SEARCH_USER_PATHS = NO;
				CLANG_ANALYZER_NONNULL = YES;
				CLANG_ANALYZER_NUMBER_OBJECT_CONVERSION = YES_AGGRESSIVE;
				CLANG_CXX_LANGUAGE_STANDARD = "gnu++14";
				CLANG_CXX_LIBRARY = "libc++";
				CLANG_ENABLE_MODULES = YES;
				CLANG_ENABLE_OBJC_ARC = YES;
				CLANG_ENABLE_OBJC_WEAK = YES;
				CLANG_WARN_BLOCK_CAPTURE_AUTORELEASING = YES;
				CLANG_WARN_BOOL_CONVERSION = YES;
				CLANG_WARN_COMMA = YES;
				CLANG_WARN_CONSTANT_CONVERSION = YES;
				CLANG_WARN_DEPRECATED_OBJC_IMPLEMENTATIONS = YES;
				CLANG_WARN_DIRECT_OBJC_ISA_USAGE = YES_ERROR;
				CLANG_WARN_DOCUMENTATION_COMMENTS = YES;
				CLANG_WARN_EMPTY_BODY = YES;
				CLANG_WARN_ENUM_CONVERSION = YES;
				CLANG_WARN_INFINITE_RECURSION = YES;
				CLANG_WARN_INT_CONVERSION = YES;
				CLANG_WARN_NON_LITERAL_NULL_CONVERSION = YES;
				CLANG_WARN_OBJC_IMPLICIT_RETAIN_SELF = YES;
				CLANG_WARN_OBJC_LITERAL_CONVERSION = YES;
				CLANG_WARN_OBJC_ROOT_CLASS = YES_ERROR;
				CLANG_WARN_RANGE_LOOP_ANALYSIS = YES;
				CLANG_WARN_STRICT_PROTOTYPES = YES;
				CLANG_WARN_SUSPICIOUS_MOVE = YES;
				CLANG_WARN_UNGUARDED_AVAILABILITY = YES_AGGRESSIVE;
				CLANG_WARN_UNREACHABLE_CODE = YES;
				CLANG_WARN__DUPLICATE_METHOD_MATCH = YES;
				CODE_SIGN_IDENTITY = "iPhone Developer";
				COPY_PHASE_STRIP = NO;
				DEBUG_INFORMATION_FORMAT = "dwarf-with-dsym";
				ENABLE_NS_ASSERTIONS = NO;
				ENABLE_STRICT_OBJC_MSGSEND = YES;
				GCC_C_LANGUAGE_STANDARD = gnu11;
				GCC_NO_COMMON_BLOCKS = YES;
				GCC_WARN_64_TO_32_BIT_CONVERSION = YES;
				GCC_WARN_ABOUT_RETURN_TYPE = YES_ERROR;
				GCC_WARN_UNDECLARED_SELECTOR = YES;
				GCC_WARN_UNINITIALIZED_AUTOS = YES_AGGRESSIVE;
				GCC_WARN_UNUSED_FUNCTION = YES;
				GCC_WARN_UNUSED_VARIABLE = YES;
				IPHONEOS_DEPLOYMENT_TARGET = 11.4;
				MTL_ENABLE_DEBUG_INFO = NO;
				SDKROOT = iphoneos;
				SWIFT_COMPILATION_MODE = wholemodule;
				SWIFT_OPTIMIZATION_LEVEL = "-O";
				VALIDATE_PRODUCT = YES;
			};
			name = Release;
		};
		787315CA212A7222003D5529 /* Debug */ = {
			isa = XCBuildConfiguration;
			baseConfigurationReference = 979B4D74C8C0A6E7CA16DB16 /* Pods-Instagram.debug.xcconfig */;
			buildSettings = {
				ASSETCATALOG_COMPILER_APPICON_NAME = AppIcon;
				CODE_SIGN_STYLE = Automatic;
				DEVELOPMENT_TEAM = 6HNMLLV9NJ;
				INFOPLIST_FILE = "$(SRCROOT)/Instagram/Resources/Info.plist";
				LD_RUNPATH_SEARCH_PATHS = (
					"$(inherited)",
					"@executable_path/Frameworks",
				);
				PRODUCT_BUNDLE_IDENTIFIER = com.OmarValenzuela.Instagram;
				PRODUCT_NAME = "$(TARGET_NAME)";
				SWIFT_VERSION = 4.0;
				TARGETED_DEVICE_FAMILY = "1,2";
			};
			name = Debug;
		};
		787315CB212A7222003D5529 /* Release */ = {
			isa = XCBuildConfiguration;
			baseConfigurationReference = AA362B2F35CF6A035267BCFC /* Pods-Instagram.release.xcconfig */;
			buildSettings = {
				ASSETCATALOG_COMPILER_APPICON_NAME = AppIcon;
				CODE_SIGN_STYLE = Automatic;
				DEVELOPMENT_TEAM = 6HNMLLV9NJ;
				INFOPLIST_FILE = "$(SRCROOT)/Instagram/Resources/Info.plist";
				LD_RUNPATH_SEARCH_PATHS = (
					"$(inherited)",
					"@executable_path/Frameworks",
				);
				PRODUCT_BUNDLE_IDENTIFIER = com.OmarValenzuela.Instagram;
				PRODUCT_NAME = "$(TARGET_NAME)";
				SWIFT_VERSION = 4.0;
				TARGETED_DEVICE_FAMILY = "1,2";
			};
			name = Release;
		};
/* End XCBuildConfiguration section */

/* Begin XCConfigurationList section */
		787315B2212A7222003D5529 /* Build configuration list for PBXProject "Instagram" */ = {
			isa = XCConfigurationList;
			buildConfigurations = (
				787315C7212A7222003D5529 /* Debug */,
				787315C8212A7222003D5529 /* Release */,
			);
			defaultConfigurationIsVisible = 0;
			defaultConfigurationName = Release;
		};
		787315C9212A7222003D5529 /* Build configuration list for PBXNativeTarget "Instagram" */ = {
			isa = XCConfigurationList;
			buildConfigurations = (
				787315CA212A7222003D5529 /* Debug */,
				787315CB212A7222003D5529 /* Release */,
			);
			defaultConfigurationIsVisible = 0;
			defaultConfigurationName = Release;
		};
/* End XCConfigurationList section */
	};
	rootObject = 787315AF212A7222003D5529 /* Project object */;
}
